
Microsoft Visual Studio Solution File, Format Version 12.00
# Visual Studio Version 17
VisualStudioVersion = 17.14.36203.30 d17.14
MinimumVisualStudioVersion = 10.0.40219.1
Project("{FAE04EC0-301F-11D3-BF4B-00C04F79EFBC}") = "StockApp", "StockApp\StockApp.csproj", "{818D7C03-C967-44AB-B371-7AB7925E8AF1}"
EndProject
Global
	GlobalSection(SolutionConfigurationPlatforms) = preSolution
		Debug|Any CPU = Debug|Any CPU
		Release|Any CPU = Release|Any CPU
	EndGlobalSection
	GlobalSection(ProjectConfigurationPlatforms) = postSolution
		{818D7C03-C967-44AB-B371-7AB7925E8AF1}.Debug|Any CPU.ActiveCfg = Debug|Any CPU
		{818D7C03-C967-44AB-B371-7AB7925E8AF1}.Debug|Any CPU.Build.0 = Debug|Any CPU
		{818D7C03-C967-44AB-B371-7AB7925E8AF1}.Release|Any CPU.ActiveCfg = Release|Any CPU
		{818D7C03-C967-44AB-B371-7AB7925E8AF1}.Release|Any CPU.Build.0 = Release|Any CPU
	EndGlobalSection
	GlobalSection(SolutionProperties) = preSolution
		HideSolutionNode = FALSE
	EndGlobalSection
	GlobalSection(ExtensibilityGlobals) = postSolution
		SolutionGuid = {6780C039-E0B3-4D39-B35B-05B58151EE4D}
	EndGlobalSection
EndGlobal
